// !$*UTF8*$!
{
	archiveVersion = 1;
	classes = {
	};
	objectVersion = 46;
	objects = {

/* Begin PBXBuildFile section */
		512939781AEA68BE00F9D2A3 /* Person.m in Sources */ = {isa = PBXBuildFile; fileRef = 512939771AEA68BE00F9D2A3 /* Person.m */; };
		5129397B1AEA695300F9D2A3 /* Person+WR.m in Sources */ = {isa = PBXBuildFile; fileRef = 5129397A1AEA695300F9D2A3 /* Person+WR.m */; };
		514633471AE8E0E5006C90C0 /* main.m in Sources */ = {isa = PBXBuildFile; fileRef = 514633461AE8E0E5006C90C0 /* main.m */; };
		5146334A1AE8E0E5006C90C0 /* AppDelegate.m in Sources */ = {isa = PBXBuildFile; fileRef = 514633491AE8E0E5006C90C0 /* AppDelegate.m */; };
		5146334D1AE8E0E5006C90C0 /* ViewController.m in Sources */ = {isa = PBXBuildFile; fileRef = 5146334C1AE8E0E5006C90C0 /* ViewController.m */; };
		514633501AE8E0E5006C90C0 /* Main.storyboard in Resources */ = {isa = PBXBuildFile; fileRef = 5146334E1AE8E0E5006C90C0 /* Main.storyboard */; };
		514633521AE8E0E5006C90C0 /* Images.xcassets in Resources */ = {isa = PBXBuildFile; fileRef = 514633511AE8E0E5006C90C0 /* Images.xcassets */; };
		514633551AE8E0E5006C90C0 /* LaunchScreen.xib in Resources */ = {isa = PBXBuildFile; fileRef = 514633531AE8E0E5006C90C0 /* LaunchScreen.xib */; };
		514633611AE8E0E5006C90C0 /* RuntimeDemoTests.m in Sources */ = {isa = PBXBuildFile; fileRef = 514633601AE8E0E5006C90C0 /* RuntimeDemoTests.m */; };
		5146336C1AE8EABF006C90C0 /* UIViewController+Logging.m in Sources */ = {isa = PBXBuildFile; fileRef = 5146336B1AE8EABF006C90C0 /* UIViewController+Logging.m */; };
		5146336F1AE8EBCA006C90C0 /* Logging.m in Sources */ = {isa = PBXBuildFile; fileRef = 5146336E1AE8EBCA006C90C0 /* Logging.m */; };
		514633721AE900A2006C90C0 /* Aspects.m in Sources */ = {isa = PBXBuildFile; fileRef = 514633711AE900A2006C90C0 /* Aspects.m */; };
		51D09D151AE923540086190B /* ReplaceMethodHolder.m in Sources */ = {isa = PBXBuildFile; fileRef = 51D09D141AE923540086190B /* ReplaceMethodHolder.m */; };
/* End PBXBuildFile section */

/* Begin PBXContainerItemProxy section */
		5146335B1AE8E0E5006C90C0 /* PBXContainerItemProxy */ = {
			isa = PBXContainerItemProxy;
			containerPortal = 514633391AE8E0E5006C90C0 /* Project object */;
			proxyType = 1;
			remoteGlobalIDString = 514633401AE8E0E5006C90C0;
			remoteInfo = RuntimeDemo;
		};
/* End PBXContainerItemProxy section */

/* Begin PBXFileReference section */
		512939761AEA68BE00F9D2A3 /* Person.h */ = {isa = PBXFileReference; fileEncoding = 4; lastKnownFileType = sourcecode.c.h; path = Person.h; sourceTree = "<group>"; };
		512939771AEA68BE00F9D2A3 /* Person.m */ = {isa = PBXFileReference; fileEncoding = 4; lastKnownFileType = sourcecode.c.objc; path = Person.m; sourceTree = "<group>"; };
		512939791AEA695300F9D2A3 /* Person+WR.h */ = {isa = PBXFileReference; fileEncoding = 4; lastKnownFileType = sourcecode.c.h; path = "Person+WR.h"; sourceTree = "<group>"; };
		5129397A1AEA695300F9D2A3 /* Person+WR.m */ = {isa = PBXFileReference; fileEncoding = 4; lastKnownFileType = sourcecode.c.objc; path = "Person+WR.m"; sourceTree = "<group>"; };
		514633411AE8E0E5006C90C0 /* RuntimeDemo.app */ = {isa = PBXFileReference; explicitFileType = wrapper.application; includeInIndex = 0; path = RuntimeDemo.app; sourceTree = BUILT_PRODUCTS_DIR; };
		514633451AE8E0E5006C90C0 /* Info.plist */ = {isa = PBXFileReference; lastKnownFileType = text.plist.xml; path = Info.plist; sourceTree = "<group>"; };
		514633461AE8E0E5006C90C0 /* main.m */ = {isa = PBXFileReference; lastKnownFileType = sourcecode.c.objc; path = main.m; sourceTree = "<group>"; };
		514633481AE8E0E5006C90C0 /* AppDelegate.h */ = {isa = PBXFileReference; lastKnownFileType = sourcecode.c.h; path = AppDelegate.h; sourceTree = "<group>"; };
		514633491AE8E0E5006C90C0 /* AppDelegate.m */ = {isa = PBXFileReference; lastKnownFileType = sourcecode.c.objc; path = AppDelegate.m; sourceTree = "<group>"; };
		5146334B1AE8E0E5006C90C0 /* ViewController.h */ = {isa = PBXFileReference; lastKnownFileType = sourcecode.c.h; path = ViewController.h; sourceTree = "<group>"; };
		5146334C1AE8E0E5006C90C0 /* ViewController.m */ = {isa = PBXFileReference; lastKnownFileType = sourcecode.c.objc; path = ViewController.m; sourceTree = "<group>"; };
		5146334F1AE8E0E5006C90C0 /* Base */ = {isa = PBXFileReference; lastKnownFileType = file.storyboard; name = Base; path = Base.lproj/Main.storyboard; sourceTree = "<group>"; };
		514633511AE8E0E5006C90C0 /* Images.xcassets */ = {isa = PBXFileReference; lastKnownFileType = folder.assetcatalog; path = Images.xcassets; sourceTree = "<group>"; };
		514633541AE8E0E5006C90C0 /* Base */ = {isa = PBXFileReference; lastKnownFileType = file.xib; name = Base; path = Base.lproj/LaunchScreen.xib; sourceTree = "<group>"; };
		5146335A1AE8E0E5006C90C0 /* RuntimeDemoTests.xctest */ = {isa = PBXFileReference; explicitFileType = wrapper.cfbundle; includeInIndex = 0; path = RuntimeDemoTests.xctest; sourceTree = BUILT_PRODUCTS_DIR; };
		5146335F1AE8E0E5006C90C0 /* Info.plist */ = {isa = PBXFileReference; lastKnownFileType = text.plist.xml; path = Info.plist; sourceTree = "<group>"; };
		514633601AE8E0E5006C90C0 /* RuntimeDemoTests.m */ = {isa = PBXFileReference; lastKnownFileType = sourcecode.c.objc; path = RuntimeDemoTests.m; sourceTree = "<group>"; };
		5146336A1AE8EABF006C90C0 /* UIViewController+Logging.h */ = {isa = PBXFileReference; fileEncoding = 4; lastKnownFileType = sourcecode.c.h; path = "UIViewController+Logging.h"; sourceTree = "<group>"; };
		5146336B1AE8EABF006C90C0 /* UIViewController+Logging.m */ = {isa = PBXFileReference; fileEncoding = 4; lastKnownFileType = sourcecode.c.objc; path = "UIViewController+Logging.m"; sourceTree = "<group>"; };
		5146336D1AE8EBCA006C90C0 /* Logging.h */ = {isa = PBXFileReference; fileEncoding = 4; lastKnownFileType = sourcecode.c.h; path = Logging.h; sourceTree = "<group>"; };
		5146336E1AE8EBCA006C90C0 /* Logging.m */ = {isa = PBXFileReference; fileEncoding = 4; lastKnownFileType = sourcecode.c.objc; path = Logging.m; sourceTree = "<group>"; };
		514633701AE900A2006C90C0 /* Aspects.h */ = {isa = PBXFileReference; fileEncoding = 4; lastKnownFileType = sourcecode.c.h; path = Aspects.h; sourceTree = "<group>"; };
		514633711AE900A2006C90C0 /* Aspects.m */ = {isa = PBXFileReference; fileEncoding = 4; lastKnownFileType = sourcecode.c.objc; path = Aspects.m; sourceTree = "<group>"; };
		51D09D131AE923540086190B /* ReplaceMethodHolder.h */ = {isa = PBXFileReference; fileEncoding = 4; lastKnownFileType = sourcecode.c.h; path = ReplaceMethodHolder.h; sourceTree = "<group>"; };
		51D09D141AE923540086190B /* ReplaceMethodHolder.m */ = {isa = PBXFileReference; fileEncoding = 4; lastKnownFileType = sourcecode.c.objc; path = ReplaceMethodHolder.m; sourceTree = "<group>"; };
/* End PBXFileReference section */

/* Begin PBXFrameworksBuildPhase section */
		5146333E1AE8E0E5006C90C0 /* Frameworks */ = {
			isa = PBXFrameworksBuildPhase;
			buildActionMask = 2147483647;
			files = (
			);
			runOnlyForDeploymentPostprocessing = 0;
		};
		514633571AE8E0E5006C90C0 /* Frameworks */ = {
			isa = PBXFrameworksBuildPhase;
			buildActionMask = 2147483647;
			files = (
			);
			runOnlyForDeploymentPostprocessing = 0;
		};
/* End PBXFrameworksBuildPhase section */

/* Begin PBXGroup section */
		514633381AE8E0E5006C90C0 = {
			isa = PBXGroup;
			children = (
				514633431AE8E0E5006C90C0 /* RuntimeDemo */,
				5146335D1AE8E0E5006C90C0 /* RuntimeDemoTests */,
				514633421AE8E0E5006C90C0 /* Products */,
			);
			sourceTree = "<group>";
		};
		514633421AE8E0E5006C90C0 /* Products */ = {
			isa = PBXGroup;
			children = (
				514633411AE8E0E5006C90C0 /* RuntimeDemo.app */,
				5146335A1AE8E0E5006C90C0 /* RuntimeDemoTests.xctest */,
			);
			name = Products;
			sourceTree = "<group>";
		};
		514633431AE8E0E5006C90C0 /* RuntimeDemo */ = {
			isa = PBXGroup;
			children = (
				514633701AE900A2006C90C0 /* Aspects.h */,
				514633711AE900A2006C90C0 /* Aspects.m */,
				514633481AE8E0E5006C90C0 /* AppDelegate.h */,
				514633491AE8E0E5006C90C0 /* AppDelegate.m */,
				5146334B1AE8E0E5006C90C0 /* ViewController.h */,
				5146334C1AE8E0E5006C90C0 /* ViewController.m */,
				5146336A1AE8EABF006C90C0 /* UIViewController+Logging.h */,
				5146336B1AE8EABF006C90C0 /* UIViewController+Logging.m */,
				5146336D1AE8EBCA006C90C0 /* Logging.h */,
				5146336E1AE8EBCA006C90C0 /* Logging.m */,
				51D09D131AE923540086190B /* ReplaceMethodHolder.h */,
				51D09D141AE923540086190B /* ReplaceMethodHolder.m */,
				5146334E1AE8E0E5006C90C0 /* Main.storyboard */,
				514633511AE8E0E5006C90C0 /* Images.xcassets */,
				514633531AE8E0E5006C90C0 /* LaunchScreen.xib */,
				514633441AE8E0E5006C90C0 /* Supporting Files */,
			);
			path = RuntimeDemo;
			sourceTree = "<group>";
		};
		514633441AE8E0E5006C90C0 /* Supporting Files */ = {
			isa = PBXGroup;
			children = (
				514633451AE8E0E5006C90C0 /* Info.plist */,
				514633461AE8E0E5006C90C0 /* main.m */,
				512939761AEA68BE00F9D2A3 /* Person.h */,
				512939771AEA68BE00F9D2A3 /* Person.m */,
				512939791AEA695300F9D2A3 /* Person+WR.h */,
				5129397A1AEA695300F9D2A3 /* Person+WR.m */,
			);
			name = "Supporting Files";
			sourceTree = "<group>";
		};
		5146335D1AE8E0E5006C90C0 /* RuntimeDemoTests */ = {
			isa = PBXGroup;
			children = (
				514633601AE8E0E5006C90C0 /* RuntimeDemoTests.m */,
				5146335E1AE8E0E5006C90C0 /* Supporting Files */,
			);
			path = RuntimeDemoTests;
			sourceTree = "<group>";
		};
		5146335E1AE8E0E5006C90C0 /* Supporting Files */ = {
			isa = PBXGroup;
			children = (
				5146335F1AE8E0E5006C90C0 /* Info.plist */,
			);
			name = "Supporting Files";
			sourceTree = "<group>";
		};
/* End PBXGroup section */

/* Begin PBXNativeTarget section */
		514633401AE8E0E5006C90C0 /* RuntimeDemo */ = {
			isa = PBXNativeTarget;
			buildConfigurationList = 514633641AE8E0E5006C90C0 /* Build configuration list for PBXNativeTarget "RuntimeDemo" */;
			buildPhases = (
				5146333D1AE8E0E5006C90C0 /* Sources */,
				5146333E1AE8E0E5006C90C0 /* Frameworks */,
				5146333F1AE8E0E5006C90C0 /* Resources */,
			);
			buildRules = (
			);
			dependencies = (
			);
			name = RuntimeDemo;
			productName = RuntimeDemo;
			productReference = 514633411AE8E0E5006C90C0 /* RuntimeDemo.app */;
			productType = "com.apple.product-type.application";
		};
		514633591AE8E0E5006C90C0 /* RuntimeDemoTests */ = {
			isa = PBXNativeTarget;
			buildConfigurationList = 514633671AE8E0E5006C90C0 /* Build configuration list for PBXNativeTarget "RuntimeDemoTests" */;
			buildPhases = (
				514633561AE8E0E5006C90C0 /* Sources */,
				514633571AE8E0E5006C90C0 /* Frameworks */,
				514633581AE8E0E5006C90C0 /* Resources */,
			);
			buildRules = (
			);
			dependencies = (
				5146335C1AE8E0E5006C90C0 /* PBXTargetDependency */,
			);
			name = RuntimeDemoTests;
			productName = RuntimeDemoTests;
			productReference = 5146335A1AE8E0E5006C90C0 /* RuntimeDemoTests.xctest */;
			productType = "com.apple.product-type.bundle.unit-test";
		};
/* End PBXNativeTarget section */

/* Begin PBXProject section */
		514633391AE8E0E5006C90C0 /* Project object */ = {
			isa = PBXProject;
			attributes = {
				LastUpgradeCheck = 0610;
				ORGANIZATIONNAME = WR;
				TargetAttributes = {
					514633401AE8E0E5006C90C0 = {
						CreatedOnToolsVersion = 6.1.1;
					};
					514633591AE8E0E5006C90C0 = {
						CreatedOnToolsVersion = 6.1.1;
						TestTargetID = 514633401AE8E0E5006C90C0;
					};
				};
			};
			buildConfigurationList = 5146333C1AE8E0E5006C90C0 /* Build configuration list for PBXProject "RuntimeDemo" */;
			compatibilityVersion = "Xcode 3.2";
			developmentRegion = English;
			hasScannedForEncodings = 0;
			knownRegions = (
				en,
				Base,
			);
			mainGroup = 514633381AE8E0E5006C90C0;
			productRefGroup = 514633421AE8E0E5006C90C0 /* Products */;
			projectDirPath = "";
			projectRoot = "";
			targets = (
				514633401AE8E0E5006C90C0 /* RuntimeDemo */,
				514633591AE8E0E5006C90C0 /* RuntimeDemoTests */,
			);
		};
/* End PBXProject section */

/* Begin PBXResourcesBuildPhase section */
		5146333F1AE8E0E5006C90C0 /* Resources */ = {
			isa = PBXResourcesBuildPhase;
			buildActionMask = 2147483647;
			files = (
				514633501AE8E0E5006C90C0 /* Main.storyboard in Resources */,
				514633551AE8E0E5006C90C0 /* LaunchScreen.xib in Resources */,
				514633521AE8E0E5006C90C0 /* Images.xcassets in Resources */,
			);
			runOnlyForDeploymentPostprocessing = 0;
		};
		514633581AE8E0E5006C90C0 /* Resources */ = {
			isa = PBXResourcesBuildPhase;
			buildActionMask = 2147483647;
			files = (
			);
			runOnlyForDeploymentPostprocessing = 0;
		};
/* End PBXResourcesBuildPhase section */

/* Begin PBXSourcesBuildPhase section */
		5146333D1AE8E0E5006C90C0 /* Sources */ = {
			isa = PBXSourcesBuildPhase;
			buildActionMask = 2147483647;
			files = (
				5146336F1AE8EBCA006C90C0 /* Logging.m in Sources */,
				51D09D151AE923540086190B /* ReplaceMethodHolder.m in Sources */,
				512939781AEA68BE00F9D2A3 /* Person.m in Sources */,
				5146336C1AE8EABF006C90C0 /* UIViewController+Logging.m in Sources */,
				5146334D1AE8E0E5006C90C0 /* ViewController.m in Sources */,
				5146334A1AE8E0E5006C90C0 /* AppDelegate.m in Sources */,
				514633471AE8E0E5006C90C0 /* main.m in Sources */,
				514633721AE900A2006C90C0 /* Aspects.m in Sources */,
				5129397B1AEA695300F9D2A3 /* Person+WR.m in Sources */,
			);
			runOnlyForDeploymentPostprocessing = 0;
		};
		514633561AE8E0E5006C90C0 /* Sources */ = {
			isa = PBXSourcesBuildPhase;
			buildActionMask = 2147483647;
			files = (
				514633611AE8E0E5006C90C0 /* RuntimeDemoTests.m in Sources */,
			);
			runOnlyForDeploymentPostprocessing = 0;
		};
/* End PBXSourcesBuildPhase section */

/* Begin PBXTargetDependency section */
		5146335C1AE8E0E5006C90C0 /* PBXTargetDependency */ = {
			isa = PBXTargetDependency;
			target = 514633401AE8E0E5006C90C0 /* RuntimeDemo */;
			targetProxy = 5146335B1AE8E0E5006C90C0 /* PBXContainerItemProxy */;
		};
/* End PBXTargetDependency section */

/* Begin PBXVariantGroup section */
		5146334E1AE8E0E5006C90C0 /* Main.storyboard */ = {
			isa = PBXVariantGroup;
			children = (
				5146334F1AE8E0E5006C90C0 /* Base */,
			);
			name = Main.storyboard;
			sourceTree = "<group>";
		};
		514633531AE8E0E5006C90C0 /* LaunchScreen.xib */ = {
			isa = PBXVariantGroup;
			children = (
				514633541AE8E0E5006C90C0 /* Base */,
			);
			name = LaunchScreen.xib;
			sourceTree = "<group>";
		};
/* End PBXVariantGroup section */

/* Begin XCBuildConfiguration section */
		514633621AE8E0E5006C90C0 /* Debug */ = {
			isa = XCBuildConfiguration;
			buildSettings = {
				ALWAYS_SEARCH_USER_PATHS = NO;
				CLANG_CXX_LANGUAGE_STANDARD = "gnu++0x";
				CLANG_CXX_LIBRARY = "libc++";
				CLANG_ENABLE_MODULES = YES;
				CLANG_ENABLE_OBJC_ARC = YES;
				CLANG_WARN_BOOL_CONVERSION = YES;
				CLANG_WARN_CONSTANT_CONVERSION = YES;
				CLANG_WARN_DIRECT_OBJC_ISA_USAGE = YES_ERROR;
				CLANG_WARN_EMPTY_BODY = YES;
				CLANG_WARN_ENUM_CONVERSION = YES;
				CLANG_WARN_INT_CONVERSION = YES;
				CLANG_WARN_OBJC_ROOT_CLASS = YES_ERROR;
				CLANG_WARN_UNREACHABLE_CODE = YES;
				CLANG_WARN__DUPLICATE_METHOD_MATCH = YES;
				"CODE_SIGN_IDENTITY[sdk=iphoneos*]" = "iPhone Developer";
				COPY_PHASE_STRIP = NO;
				ENABLE_STRICT_OBJC_MSGSEND = YES;
				GCC_C_LANGUAGE_STANDARD = gnu99;
				GCC_DYNAMIC_NO_PIC = NO;
				GCC_OPTIMIZATION_LEVEL = 0;
				GCC_PREPROCESSOR_DEFINITIONS = (
					"DEBUG=1",
					"$(inherited)",
				);
				GCC_SYMBOLS_PRIVATE_EXTERN = NO;
				GCC_WARN_64_TO_32_BIT_CONVERSION = YES;
				GCC_WARN_ABOUT_RETURN_TYPE = YES_ERROR;
				GCC_WARN_UNDECLARED_SELECTOR = YES;
				GCC_WARN_UNINITIALIZED_AUTOS = YES_AGGRESSIVE;
				GCC_WARN_UNUSED_FUNCTION = YES;
				GCC_WARN_UNUSED_VARIABLE = YES;
				IPHONEOS_DEPLOYMENT_TARGET = 8.1;
				MTL_ENABLE_DEBUG_INFO = YES;
				ONLY_ACTIVE_ARCH = YES;
				SDKROOT = iphoneos;
				TARGETED_DEVICE_FAMILY = "1,2";
			};
			name = Debug;
		};
		514633631AE8E0E5006C90C0 /* Release */ = {
			isa = XCBuildConfiguration;
			buildSettings = {
				ALWAYS_SEARCH_USER_PATHS = NO;
				CLANG_CXX_LANGUAGE_STANDARD = "gnu++0x";
				CLANG_CXX_LIBRARY = "libc++";
				CLANG_ENABLE_MODULES = YES;
				CLANG_ENABLE_OBJC_ARC = YES;
				CLANG_WARN_BOOL_CONVERSION = YES;
				CLANG_WARN_CONSTANT_CONVERSION = YES;
				CLANG_WARN_DIRECT_OBJC_ISA_USAGE = YES_ERROR;
				CLANG_WARN_EMPTY_BODY = YES;
				CLANG_WARN_ENUM_CONVERSION = YES;
				CLANG_WARN_INT_CONVERSION = YES;
				CLANG_WARN_OBJC_ROOT_CLASS = YES_ERROR;
				CLANG_WARN_UNREACHABLE_CODE = YES;
				CLANG_WARN__DUPLICATE_METHOD_MATCH = YES;
				"CODE_SIGN_IDENTITY[sdk=iphoneos*]" = "iPhone Developer";
				COPY_PHASE_STRIP = YES;
				ENABLE_NS_ASSERTIONS = NO;
				ENABLE_STRICT_OBJC_MSGSEND = YES;
				GCC_C_LANGUAGE_STANDARD = gnu99;
				GCC_WARN_64_TO_32_BIT_CONVERSION = YES;
				GCC_WARN_ABOUT_RETURN_TYPE = YES_ERROR;
				GCC_WARN_UNDECLARED_SELECTOR = YES;
				GCC_WARN_UNINITIALIZED_AUTOS = YES_AGGRESSIVE;
				GCC_WARN_UNUSED_FUNCTION = YES;
				GCC_WARN_UNUSED_VARIABLE = YES;
				IPHONEOS_DEPLOYMENT_TARGET = 8.1;
				MTL_ENABLE_DEBUG_INFO = NO;
				SDKROOT = iphoneos;
				TARGETED_DEVICE_FAMILY = "1,2";
				VALIDATE_PRODUCT = YES;
			};
			name = Release;
		};
		514633651AE8E0E5006C90C0 /* Debug */ = {
			isa = XCBuildConfiguration;
			buildSettings = {
				ASSETCATALOG_COMPILER_APPICON_NAME = AppIcon;
				INFOPLIST_FILE = RuntimeDemo/Info.plist;
				LD_RUNPATH_SEARCH_PATHS = "$(inherited) @executable_path/Frameworks";
				PRODUCT_NAME = "$(TARGET_NAME)";
			};
			name = Debug;
		};
		514633661AE8E0E5006C90C0 /* Release */ = {
			isa = XCBuildConfiguration;
			buildSettings = {
				ASSETCATALOG_COMPILER_APPICON_NAME = AppIcon;
				INFOPLIST_FILE = RuntimeDemo/Info.plist;
				LD_RUNPATH_SEARCH_PATHS = "$(inherited) @executable_path/Frameworks";
				PRODUCT_NAME = "$(TARGET_NAME)";
			};
			name = Release;
		};
		514633681AE8E0E5006C90C0 /* Debug */ = {
			isa = XCBuildConfiguration;
			buildSettings = {
				BUNDLE_LOADER = "$(TEST_HOST)";
				FRAMEWORK_SEARCH_PATHS = (
					"$(SDKROOT)/Developer/Library/Frameworks",
					"$(inherited)",
				);
				GCC_PREPROCESSOR_DEFINITIONS = (
					"DEBUG=1",
					"$(inherited)",
				);
				INFOPLIST_FILE = RuntimeDemoTests/Info.plist;
				LD_RUNPATH_SEARCH_PATHS = "$(inherited) @executable_path/Frameworks @loader_path/Frameworks";
				PRODUCT_NAME = "$(TARGET_NAME)";
				TEST_HOST = "$(BUILT_PRODUCTS_DIR)/RuntimeDemo.app/RuntimeDemo";
			};
			name = Debug;
		};
		514633691AE8E0E5006C90C0 /* Release */ = {
			isa = XCBuildConfiguration;
			buildSettings = {
				BUNDLE_LOADER = "$(TEST_HOST)";
				FRAMEWORK_SEARCH_PATHS = (
					"$(SDKROOT)/Developer/Library/Frameworks",
					"$(inherited)",
				);
				INFOPLIST_FILE = RuntimeDemoTests/Info.plist;
				LD_RUNPATH_SEARCH_PATHS = "$(inherited) @executable_path/Frameworks @loader_path/Frameworks";
				PRODUCT_NAME = "$(TARGET_NAME)";
				TEST_HOST = "$(BUILT_PRODUCTS_DIR)/RuntimeDemo.app/RuntimeDemo";
			};
			name = Release;
		};
/* End XCBuildConfiguration section */

/* Begin XCConfigurationList section */
		5146333C1AE8E0E5006C90C0 /* Build configuration list for PBXProject "RuntimeDemo" */ = {
			isa = XCConfigurationList;
			buildConfigurations = (
				514633621AE8E0E5006C90C0 /* Debug */,
				514633631AE8E0E5006C90C0 /* Release */,
			);
			defaultConfigurationIsVisible = 0;
			defaultConfigurationName = Release;
		};
		514633641AE8E0E5006C90C0 /* Build configuration list for PBXNativeTarget "RuntimeDemo" */ = {
			isa = XCConfigurationList;
			buildConfigurations = (
				514633651AE8E0E5006C90C0 /* Debug */,
				514633661AE8E0E5006C90C0 /* Release */,
			);
			defaultConfigurationIsVisible = 0;
			defaultConfigurationName = Release;
		};
		514633671AE8E0E5006C90C0 /* Build configuration list for PBXNativeTarget "RuntimeDemoTests" */ = {
			isa = XCConfigurationList;
			buildConfigurations = (
				514633681AE8E0E5006C90C0 /* Debug */,
				514633691AE8E0E5006C90C0 /* Release */,
			);
			defaultConfigurationIsVisible = 0;
			defaultConfigurationName = Release;
		};
/* End XCConfigurationList section */
	};
	rootObject = 514633391AE8E0E5006C90C0 /* Project object */;
}
